github.com/AslaniRokh/dog v0.0.1 h1:wYq6VaUnaPztRIQJzSrnwwUzZaQV9q2hpVuL5xqrneU=
github.com/AslaniRokh/dog v0.0.1/go.mod h1:EuURF05Z0QrMLjnb+2r11VMyXzvClOO6YU9As035HH0=
github.com/AslaniRokh/dog v0.0.3 h1:Sd/kdVgTFoHenNMytFdAqWWW+D1i133wRiMUETlblJw=
github.com/AslaniRokh/dog v0.0.3/go.mod h1:EuURF05Z0QrMLjnb+2r11VMyXzvClOO6YU9As035HH0=
